// !$*UTF8*$!
{
	archiveVersion = 1;
	classes = {
	};
	objectVersion = 56;
	objects = {

/* Begin PBXBuildFile section */
		2AA899BC29DB5D5A00912764 /* PopGraphApp.swift in Sources */ = {isa = PBXBuildFile; fileRef = 2AA899BB29DB5D5A00912764 /* PopGraphApp.swift */; };
		2AA899BE29DB5D5A00912764 /* ContentView.swift in Sources */ = {isa = PBXBuildFile; fileRef = 2AA899BD29DB5D5A00912764 /* ContentView.swift */; };
		2AA899C029DB5D5B00912764 /* Assets.xcassets in Resources */ = {isa = PBXBuildFile; fileRef = 2AA899BF29DB5D5B00912764 /* Assets.xcassets */; };
		2AA899C429DB5D5B00912764 /* Preview Assets.xcassets in Resources */ = {isa = PBXBuildFile; fileRef = 2AA899C329DB5D5B00912764 /* Preview Assets.xcassets */; };
		2AA899CE29DB5D5B00912764 /* PopGraphTests.swift in Sources */ = {isa = PBXBuildFile; fileRef = 2AA899CD29DB5D5B00912764 /* PopGraphTests.swift */; };
		2AA899D829DB5D5B00912764 /* PopGraphUITests.swift in Sources */ = {isa = PBXBuildFile; fileRef = 2AA899D729DB5D5B00912764 /* PopGraphUITests.swift */; };
		2AA899DA29DB5D5B00912764 /* PopGraphUITestsLaunchTests.swift in Sources */ = {isa = PBXBuildFile; fileRef = 2AA899D929DB5D5B00912764 /* PopGraphUITestsLaunchTests.swift */; };
/* End PBXBuildFile section */

/* Begin PBXContainerItemProxy section */
		2AA899CA29DB5D5B00912764 /* PBXContainerItemProxy */ = {
			isa = PBXContainerItemProxy;
			containerPortal = 2AA899B029DB5D5A00912764 /* Project object */;
			proxyType = 1;
			remoteGlobalIDString = 2AA899B729DB5D5A00912764;
			remoteInfo = PopGraph;
		};
		2AA899D429DB5D5B00912764 /* PBXContainerItemProxy */ = {
			isa = PBXContainerItemProxy;
			containerPortal = 2AA899B029DB5D5A00912764 /* Project object */;
			proxyType = 1;
			remoteGlobalIDString = 2AA899B729DB5D5A00912764;
			remoteInfo = PopGraph;
		};
/* End PBXContainerItemProxy section */

/* Begin PBXFileReference section */
		2AA899B829DB5D5A00912764 /* PopGraph.app */ = {isa = PBXFileReference; explicitFileType = wrapper.application; includeInIndex = 0; path = PopGraph.app; sourceTree = BUILT_PRODUCTS_DIR; };
		2AA899BB29DB5D5A00912764 /* PopGraphApp.swift */ = {isa = PBXFileReference; lastKnownFileType = sourcecode.swift; path = PopGraphApp.swift; sourceTree = "<group>"; };
		2AA899BD29DB5D5A00912764 /* ContentView.swift */ = {isa = PBXFileReference; lastKnownFileType = sourcecode.swift; path = ContentView.swift; sourceTree = "<group>"; };
		2AA899BF29DB5D5B00912764 /* Assets.xcassets */ = {isa = PBXFileReference; lastKnownFileType = folder.assetcatalog; path = Assets.xcassets; sourceTree = "<group>"; };
		2AA899C129DB5D5B00912764 /* PopGraph.entitlements */ = {isa = PBXFileReference; lastKnownFileType = text.plist.entitlements; path = PopGraph.entitlements; sourceTree = "<group>"; };
		2AA899C329DB5D5B00912764 /* Preview Assets.xcassets */ = {isa = PBXFileReference; lastKnownFileType = folder.assetcatalog; path = "Preview Assets.xcassets"; sourceTree = "<group>"; };
		2AA899C929DB5D5B00912764 /* PopGraphTests.xctest */ = {isa = PBXFileReference; explicitFileType = wrapper.cfbundle; includeInIndex = 0; path = PopGraphTests.xctest; sourceTree = BUILT_PRODUCTS_DIR; };
		2AA899CD29DB5D5B00912764 /* PopGraphTests.swift */ = {isa = PBXFileReference; lastKnownFileType = sourcecode.swift; path = PopGraphTests.swift; sourceTree = "<group>"; };
		2AA899D329DB5D5B00912764 /* PopGraphUITests.xctest */ = {isa = PBXFileReference; explicitFileType = wrapper.cfbundle; includeInIndex = 0; path = PopGraphUITests.xctest; sourceTree = BUILT_PRODUCTS_DIR; };
		2AA899D729DB5D5B00912764 /* PopGraphUITests.swift */ = {isa = PBXFileReference; lastKnownFileType = sourcecode.swift; path = PopGraphUITests.swift; sourceTree = "<group>"; };
		2AA899D929DB5D5B00912764 /* PopGraphUITestsLaunchTests.swift */ = {isa = PBXFileReference; lastKnownFileType = sourcecode.swift; path = PopGraphUITestsLaunchTests.swift; sourceTree = "<group>"; };
/* End PBXFileReference section */

/* Begin PBXFrameworksBuildPhase section */
		2AA899B529DB5D5A00912764 /* Frameworks */ = {
			isa = PBXFrameworksBuildPhase;
			buildActionMask = 2147483647;
			files = (
			);
			runOnlyForDeploymentPostprocessing = 0;
		};
		2AA899C629DB5D5B00912764 /* Frameworks */ = {
			isa = PBXFrameworksBuildPhase;
			buildActionMask = 2147483647;
			files = (
			);
			runOnlyForDeploymentPostprocessing = 0;
		};
		2AA899D029DB5D5B00912764 /* Frameworks */ = {
			isa = PBXFrameworksBuildPhase;
			buildActionMask = 2147483647;
			files = (
			);
			runOnlyForDeploymentPostprocessing = 0;
		};
/* End PBXFrameworksBuildPhase section */

/* Begin PBXGroup section */
		2AA899AF29DB5D5A00912764 = {
			isa = PBXGroup;
			children = (
				2AA899BA29DB5D5A00912764 /* PopGraph */,
				2AA899CC29DB5D5B00912764 /* PopGraphTests */,
				2AA899D629DB5D5B00912764 /* PopGraphUITests */,
				2AA899B929DB5D5A00912764 /* Products */,
			);
			sourceTree = "<group>";
		};
		2AA899B929DB5D5A00912764 /* Products */ = {
			isa = PBXGroup;
			children = (
				2AA899B829DB5D5A00912764 /* PopGraph.app */,
				2AA899C929DB5D5B00912764 /* PopGraphTests.xctest */,
				2AA899D329DB5D5B00912764 /* PopGraphUITests.xctest */,
			);
			name = Products;
			sourceTree = "<group>";
		};
		2AA899BA29DB5D5A00912764 /* PopGraph */ = {
			isa = PBXGroup;
			children = (
				2AA899BB29DB5D5A00912764 /* PopGraphApp.swift */,
				2AA899BD29DB5D5A00912764 /* ContentView.swift */,
				2AA899BF29DB5D5B00912764 /* Assets.xcassets */,
				2AA899C129DB5D5B00912764 /* PopGraph.entitlements */,
				2AA899C229DB5D5B00912764 /* Preview Content */,
			);
			path = PopGraph;
			sourceTree = "<group>";
		};
		2AA899C229DB5D5B00912764 /* Preview Content */ = {
			isa = PBXGroup;
			children = (
				2AA899C329DB5D5B00912764 /* Preview Assets.xcassets */,
			);
			path = "Preview Content";
			sourceTree = "<group>";
		};
		2AA899CC29DB5D5B00912764 /* PopGraphTests */ = {
			isa = PBXGroup;
			children = (
				2AA899CD29DB5D5B00912764 /* PopGraphTests.swift */,
			);
			path = PopGraphTests;
			sourceTree = "<group>";
		};
		2AA899D629DB5D5B00912764 /* PopGraphUITests */ = {
			isa = PBXGroup;
			children = (
				2AA899D729DB5D5B00912764 /* PopGraphUITests.swift */,
				2AA899D929DB5D5B00912764 /* PopGraphUITestsLaunchTests.swift */,
			);
			path = PopGraphUITests;
			sourceTree = "<group>";
		};
/* End PBXGroup section */

/* Begin PBXNativeTarget section */
		2AA899B729DB5D5A00912764 /* PopGraph */ = {
			isa = PBXNativeTarget;
			buildConfigurationList = 2AA899DD29DB5D5B00912764 /* Build configuration list for PBXNativeTarget "PopGraph" */;
			buildPhases = (
				2AA899B429DB5D5A00912764 /* Sources */,
				2AA899B529DB5D5A00912764 /* Frameworks */,
				2AA899B629DB5D5A00912764 /* Resources */,
			);
			buildRules = (
			);
			dependencies = (
			);
			name = PopGraph;
			productName = PopGraph;
			productReference = 2AA899B829DB5D5A00912764 /* PopGraph.app */;
			productType = "com.apple.product-type.application";
		};
		2AA899C829DB5D5B00912764 /* PopGraphTests */ = {
			isa = PBXNativeTarget;
			buildConfigurationList = 2AA899E029DB5D5B00912764 /* Build configuration list for PBXNativeTarget "PopGraphTests" */;
			buildPhases = (
				2AA899C529DB5D5B00912764 /* Sources */,
				2AA899C629DB5D5B00912764 /* Frameworks */,
				2AA899C729DB5D5B00912764 /* Resources */,
			);
			buildRules = (
			);
			dependencies = (
				2AA899CB29DB5D5B00912764 /* PBXTargetDependency */,
			);
			name = PopGraphTests;
			productName = PopGraphTests;
			productReference = 2AA899C929DB5D5B00912764 /* PopGraphTests.xctest */;
			productType = "com.apple.product-type.bundle.unit-test";
		};
		2AA899D229DB5D5B00912764 /* PopGraphUITests */ = {
			isa = PBXNativeTarget;
			buildConfigurationList = 2AA899E329DB5D5B00912764 /* Build configuration list for PBXNativeTarget "PopGraphUITests" */;
			buildPhases = (
				2AA899CF29DB5D5B00912764 /* Sources */,
				2AA899D029DB5D5B00912764 /* Frameworks */,
				2AA899D129DB5D5B00912764 /* Resources */,
			);
			buildRules = (
			);
			dependencies = (
				2AA899D529DB5D5B00912764 /* PBXTargetDependency */,
			);
			name = PopGraphUITests;
			productName = PopGraphUITests;
			productReference = 2AA899D329DB5D5B00912764 /* PopGraphUITests.xctest */;
			productType = "com.apple.product-type.bundle.ui-testing";
		};
/* End PBXNativeTarget section */

/* Begin PBXProject section */
		2AA899B029DB5D5A00912764 /* Project object */ = {
			isa = PBXProject;
			attributes = {
				BuildIndependentTargetsInParallel = 1;
				LastSwiftUpdateCheck = 1410;
				LastUpgradeCheck = 1410;
				TargetAttributes = {
					2AA899B729DB5D5A00912764 = {
						CreatedOnToolsVersion = 14.1;
					};
					2AA899C829DB5D5B00912764 = {
						CreatedOnToolsVersion = 14.1;
						TestTargetID = 2AA899B729DB5D5A00912764;
					};
					2AA899D229DB5D5B00912764 = {
						CreatedOnToolsVersion = 14.1;
						TestTargetID = 2AA899B729DB5D5A00912764;
					};
				};
			};
			buildConfigurationList = 2AA899B329DB5D5A00912764 /* Build configuration list for PBXProject "PopGraph" */;
			compatibilityVersion = "Xcode 14.0";
			developmentRegion = en;
			hasScannedForEncodings = 0;
			knownRegions = (
				en,
				Base,
			);
			mainGroup = 2AA899AF29DB5D5A00912764;
			productRefGroup = 2AA899B929DB5D5A00912764 /* Products */;
			projectDirPath = "";
			projectRoot = "";
			targets = (
				2AA899B729DB5D5A00912764 /* PopGraph */,
				2AA899C829DB5D5B00912764 /* PopGraphTests */,
				2AA899D229DB5D5B00912764 /* PopGraphUITests */,
			);
		};
/* End PBXProject section */

/* Begin PBXResourcesBuildPhase section */
		2AA899B629DB5D5A00912764 /* Resources */ = {
			isa = PBXResourcesBuildPhase;
			buildActionMask = 2147483647;
			files = (
				2AA899C429DB5D5B00912764 /* Preview Assets.xcassets in Resources */,
				2AA899C029DB5D5B00912764 /* Assets.xcassets in Resources */,
			);
			runOnlyForDeploymentPostprocessing = 0;
		};
		2AA899C729DB5D5B00912764 /* Resources */ = {
			isa = PBXResourcesBuildPhase;
			buildActionMask = 2147483647;
			files = (
			);
			runOnlyForDeploymentPostprocessing = 0;
		};
		2AA899D129DB5D5B00912764 /* Resources */ = {
			isa = PBXResourcesBuildPhase;
			buildActionMask = 2147483647;
			files = (
			);
			runOnlyForDeploymentPostprocessing = 0;
		};
/* End PBXResourcesBuildPhase section */

/* Begin PBXSourcesBuildPhase section */
		2AA899B429DB5D5A00912764 /* Sources */ = {
			isa = PBXSourcesBuildPhase;
			buildActionMask = 2147483647;
			files = (
				2AA899BE29DB5D5A00912764 /* ContentView.swift in Sources */,
				2AA899BC29DB5D5A00912764 /* PopGraphApp.swift in Sources */,
			);
			runOnlyForDeploymentPostprocessing = 0;
		};
		2AA899C529DB5D5B00912764 /* Sources */ = {
			isa = PBXSourcesBuildPhase;
			buildActionMask = 2147483647;
			files = (
				2AA899CE29DB5D5B00912764 /* PopGraphTests.swift in Sources */,
			);
			runOnlyForDeploymentPostprocessing = 0;
		};
		2AA899CF29DB5D5B00912764 /* Sources */ = {
			isa = PBXSourcesBuildPhase;
			buildActionMask = 2147483647;
			files = (
				2AA899DA29DB5D5B00912764 /* PopGraphUITestsLaunchTests.swift in Sources */,
				2AA899D829DB5D5B00912764 /* PopGraphUITests.swift in Sources */,
			);
			runOnlyForDeploymentPostprocessing = 0;
		};
/* End PBXSourcesBuildPhase section */

/* Begin PBXTargetDependency section */
		2AA899CB29DB5D5B00912764 /* PBXTargetDependency */ = {
			isa = PBXTargetDependency;
			target = 2AA899B729DB5D5A00912764 /* PopGraph */;
			targetProxy = 2AA899CA29DB5D5B00912764 /* PBXContainerItemProxy */;
		};
		2AA899D529DB5D5B00912764 /* PBXTargetDependency */ = {
			isa = PBXTargetDependency;
			target = 2AA899B729DB5D5A00912764 /* PopGraph */;
			targetProxy = 2AA899D429DB5D5B00912764 /* PBXContainerItemProxy */;
		};
/* End PBXTargetDependency section */

/* Begin XCBuildConfiguration section */
		2AA899DB29DB5D5B00912764 /* Debug */ = {
			isa = XCBuildConfiguration;
			buildSettings = {
				ALWAYS_SEARCH_USER_PATHS = NO;
				CLANG_ANALYZER_NONNULL = YES;
				CLANG_ANALYZER_NUMBER_OBJECT_CONVERSION = YES_AGGRESSIVE;
				CLANG_CXX_LANGUAGE_STANDARD = "gnu++20";
				CLANG_ENABLE_MODULES = YES;
				CLANG_ENABLE_OBJC_ARC = YES;
				CLANG_ENABLE_OBJC_WEAK = YES;
				CLANG_WARN_BLOCK_CAPTURE_AUTORELEASING = YES;
				CLANG_WARN_BOOL_CONVERSION = YES;
				CLANG_WARN_COMMA = YES;
				CLANG_WARN_CONSTANT_CONVERSION = YES;
				CLANG_WARN_DEPRECATED_OBJC_IMPLEMENTATIONS = YES;
				CLANG_WARN_DIRECT_OBJC_ISA_USAGE = YES_ERROR;
				CLANG_WARN_DOCUMENTATION_COMMENTS = YES;
				CLANG_WARN_EMPTY_BODY = YES;
				CLANG_WARN_ENUM_CONVERSION = YES;
				CLANG_WARN_INFINITE_RECURSION = YES;
				CLANG_WARN_INT_CONVERSION = YES;
				CLANG_WARN_NON_LITERAL_NULL_CONVERSION = YES;
				CLANG_WARN_OBJC_IMPLICIT_RETAIN_SELF = YES;
				CLANG_WARN_OBJC_LITERAL_CONVERSION = YES;
				CLANG_WARN_OBJC_ROOT_CLASS = YES_ERROR;
				CLANG_WARN_QUOTED_INCLUDE_IN_FRAMEWORK_HEADER = YES;
				CLANG_WARN_RANGE_LOOP_ANALYSIS = YES;
				CLANG_WARN_STRICT_PROTOTYPES = YES;
				CLANG_WARN_SUSPICIOUS_MOVE = YES;
				CLANG_WARN_UNGUARDED_AVAILABILITY = YES_AGGRESSIVE;
				CLANG_WARN_UNREACHABLE_CODE = YES;
				CLANG_WARN__DUPLICATE_METHOD_MATCH = YES;
				COPY_PHASE_STRIP = NO;
				DEBUG_INFORMATION_FORMAT = dwarf;
				ENABLE_STRICT_OBJC_MSGSEND = YES;
				ENABLE_TESTABILITY = YES;
				GCC_C_LANGUAGE_STANDARD = gnu11;
				GCC_DYNAMIC_NO_PIC = NO;
				GCC_NO_COMMON_BLOCKS = YES;
				GCC_OPTIMIZATION_LEVEL = 0;
				GCC_PREPROCESSOR_DEFINITIONS = (
					"DEBUG=1",
					"$(inherited)",
				);
				GCC_WARN_64_TO_32_BIT_CONVERSION = YES;
				GCC_WARN_ABOUT_RETURN_TYPE = YES_ERROR;
				GCC_WARN_UNDECLARED_SELECTOR = YES;
				GCC_WARN_UNINITIALIZED_AUTOS = YES_AGGRESSIVE;
				GCC_WARN_UNUSED_FUNCTION = YES;
				GCC_WARN_UNUSED_VARIABLE = YES;
				MTL_ENABLE_DEBUG_INFO = INCLUDE_SOURCE;
				MTL_FAST_MATH = YES;
				ONLY_ACTIVE_ARCH = YES;
				SWIFT_ACTIVE_COMPILATION_CONDITIONS = DEBUG;
				SWIFT_OPTIMIZATION_LEVEL = "-Onone";
			};
			name = Debug;
		};
		2AA899DC29DB5D5B00912764 /* Release */ = {
			isa = XCBuildConfiguration;
			buildSettings = {
				ALWAYS_SEARCH_USER_PATHS = NO;
				CLANG_ANALYZER_NONNULL = YES;
				CLANG_ANALYZER_NUMBER_OBJECT_CONVERSION = YES_AGGRESSIVE;
				CLANG_CXX_LANGUAGE_STANDARD = "gnu++20";
				CLANG_ENABLE_MODULES = YES;
				CLANG_ENABLE_OBJC_ARC = YES;
				CLANG_ENABLE_OBJC_WEAK = YES;
				CLANG_WARN_BLOCK_CAPTURE_AUTORELEASING = YES;
				CLANG_WARN_BOOL_CONVERSION = YES;
				CLANG_WARN_COMMA = YES;
				CLANG_WARN_CONSTANT_CONVERSION = YES;
				CLANG_WARN_DEPRECATED_OBJC_IMPLEMENTATIONS = YES;
				CLANG_WARN_DIRECT_OBJC_ISA_USAGE = YES_ERROR;
				CLANG_WARN_DOCUMENTATION_COMMENTS = YES;
				CLANG_WARN_EMPTY_BODY = YES;
				CLANG_WARN_ENUM_CONVERSION = YES;
				CLANG_WARN_INFINITE_RECURSION = YES;
				CLANG_WARN_INT_CONVERSION = YES;
				CLANG_WARN_NON_LITERAL_NULL_CONVERSION = YES;
				CLANG_WARN_OBJC_IMPLICIT_RETAIN_SELF = YES;
				CLANG_WARN_OBJC_LITERAL_CONVERSION = YES;
				CLANG_WARN_OBJC_ROOT_CLASS = YES_ERROR;
				CLANG_WARN_QUOTED_INCLUDE_IN_FRAMEWORK_HEADER = YES;
				CLANG_WARN_RANGE_LOOP_ANALYSIS = YES;
				CLANG_WARN_STRICT_PROTOTYPES = YES;
				CLANG_WARN_SUSPICIOUS_MOVE = YES;
				CLANG_WARN_UNGUARDED_AVAILABILITY = YES_AGGRESSIVE;
				CLANG_WARN_UNREACHABLE_CODE = YES;
				CLANG_WARN__DUPLICATE_METHOD_MATCH = YES;
				COPY_PHASE_STRIP = NO;
				DEBUG_INFORMATION_FORMAT = "dwarf-with-dsym";
				ENABLE_NS_ASSERTIONS = NO;
				ENABLE_STRICT_OBJC_MSGSEND = YES;
				GCC_C_LANGUAGE_STANDARD = gnu11;
				GCC_NO_COMMON_BLOCKS = YES;
				GCC_WARN_64_TO_32_BIT_CONVERSION = YES;
				GCC_WARN_ABOUT_RETURN_TYPE = YES_ERROR;
				GCC_WARN_UNDECLARED_SELECTOR = YES;
				GCC_WARN_UNINITIALIZED_AUTOS = YES_AGGRESSIVE;
				GCC_WARN_UNUSED_FUNCTION = YES;
				GCC_WARN_UNUSED_VARIABLE = YES;
				MTL_ENABLE_DEBUG_INFO = NO;
				MTL_FAST_MATH = YES;
				SWIFT_COMPILATION_MODE = wholemodule;
				SWIFT_OPTIMIZATION_LEVEL = "-O";
			};
			name = Release;
		};
		2AA899DE29DB5D5B00912764 /* Debug */ = {
			isa = XCBuildConfiguration;
			buildSettings = {
				ASSETCATALOG_COMPILER_APPICON_NAME = AppIcon;
				ASSETCATALOG_COMPILER_GLOBAL_ACCENT_COLOR_NAME = AccentColor;
				CODE_SIGN_ENTITLEMENTS = PopGraph/PopGraph.entitlements;
				CODE_SIGN_STYLE = Automatic;
				CURRENT_PROJECT_VERSION = 1;
				DEVELOPMENT_ASSET_PATHS = "\"PopGraph/Preview Content\"";
				DEVELOPMENT_TEAM = 3L9D67FVN7;
				ENABLE_HARDENED_RUNTIME = YES;
				ENABLE_PREVIEWS = YES;
				GENERATE_INFOPLIST_FILE = YES;
				"INFOPLIST_KEY_UIApplicationSceneManifest_Generation[sdk=iphoneos*]" = YES;
				"INFOPLIST_KEY_UIApplicationSceneManifest_Generation[sdk=iphonesimulator*]" = YES;
				"INFOPLIST_KEY_UIApplicationSupportsIndirectInputEvents[sdk=iphoneos*]" = YES;
				"INFOPLIST_KEY_UIApplicationSupportsIndirectInputEvents[sdk=iphonesimulator*]" = YES;
				"INFOPLIST_KEY_UILaunchScreen_Generation[sdk=iphoneos*]" = YES;
				"INFOPLIST_KEY_UILaunchScreen_Generation[sdk=iphonesimulator*]" = YES;
				"INFOPLIST_KEY_UIStatusBarStyle[sdk=iphoneos*]" = UIStatusBarStyleDefault;
				"INFOPLIST_KEY_UIStatusBarStyle[sdk=iphonesimulator*]" = UIStatusBarStyleDefault;
				INFOPLIST_KEY_UISupportedInterfaceOrientations_iPad = "UIInterfaceOrientationPortrait UIInterfaceOrientationPortraitUpsideDown UIInterfaceOrientationLandscapeLeft UIInterfaceOrientationLandscapeRight";
				INFOPLIST_KEY_UISupportedInterfaceOrientations_iPhone = "UIInterfaceOrientationPortrait UIInterfaceOrientationLandscapeLeft UIInterfaceOrientationLandscapeRight";
				IPHONEOS_DEPLOYMENT_TARGET = 16.1;
				LD_RUNPATH_SEARCH_PATHS = "@executable_path/Frameworks";
				"LD_RUNPATH_SEARCH_PATHS[sdk=macosx*]" = "@executable_path/../Frameworks";
				MACOSX_DEPLOYMENT_TARGET = 13.0;
				MARKETING_VERSION = 1.0;
				PRODUCT_BUNDLE_IDENTIFIER = com.dyerlab.PopGraph;
				PRODUCT_NAME = "$(TARGET_NAME)";
				SDKROOT = auto;
				SUPPORTED_PLATFORMS = "iphoneos iphonesimulator macosx";
				SWIFT_EMIT_LOC_STRINGS = YES;
				SWIFT_VERSION = 5.0;
				TARGETED_DEVICE_FAMILY = "1,2";
			};
			name = Debug;
		};
		2AA899DF29DB5D5B00912764 /* Release */ = {
			isa = XCBuildConfiguration;
			buildSettings = {
				ASSETCATALOG_COMPILER_APPICON_NAME = AppIcon;
				ASSETCATALOG_COMPILER_GLOBAL_ACCENT_COLOR_NAME = AccentColor;
				CODE_SIGN_ENTITLEMENTS = PopGraph/PopGraph.entitlements;
				CODE_SIGN_STYLE = Automatic;
				CURRENT_PROJECT_VERSION = 1;
				DEVELOPMENT_ASSET_PATHS = "\"PopGraph/Preview Content\"";
				DEVELOPMENT_TEAM = 3L9D67FVN7;
				ENABLE_HARDENED_RUNTIME = YES;
				ENABLE_PREVIEWS = YES;
				GENERATE_INFOPLIST_FILE = YES;
				"INFOPLIST_KEY_UIApplicationSceneManifest_Generation[sdk=iphoneos*]" = YES;
				"INFOPLIST_KEY_UIApplicationSceneManifest_Generation[sdk=iphonesimulator*]" = YES;
				"INFOPLIST_KEY_UIApplicationSupportsIndirectInputEvents[sdk=iphoneos*]" = YES;
				"INFOPLIST_KEY_UIApplicationSupportsIndirectInputEvents[sdk=iphonesimulator*]" = YES;
				"INFOPLIST_KEY_UILaunchScreen_Generation[sdk=iphoneos*]" = YES;
				"INFOPLIST_KEY_UILaunchScreen_Generation[sdk=iphonesimulator*]" = YES;
				"INFOPLIST_KEY_UIStatusBarStyle[sdk=iphoneos*]" = UIStatusBarStyleDefault;
				"INFOPLIST_KEY_UIStatusBarStyle[sdk=iphonesimulator*]" = UIStatusBarStyleDefault;
				INFOPLIST_KEY_UISupportedInterfaceOrientations_iPad = "UIInterfaceOrientationPortrait UIInterfaceOrientationPortraitUpsideDown UIInterfaceOrientationLandscapeLeft UIInterfaceOrientationLandscapeRight";
				INFOPLIST_KEY_UISupportedInterfaceOrientations_iPhone = "UIInterfaceOrientationPortrait UIInterfaceOrientationLandscapeLeft UIInterfaceOrientationLandscapeRight";
				IPHONEOS_DEPLOYMENT_TARGET = 16.1;
				LD_RUNPATH_SEARCH_PATHS = "@executable_path/Frameworks";
				"LD_RUNPATH_SEARCH_PATHS[sdk=macosx*]" = "@executable_path/../Frameworks";
				MACOSX_DEPLOYMENT_TARGET = 13.0;
				MARKETING_VERSION = 1.0;
				PRODUCT_BUNDLE_IDENTIFIER = com.dyerlab.PopGraph;
				PRODUCT_NAME = "$(TARGET_NAME)";
				SDKROOT = auto;
				SUPPORTED_PLATFORMS = "iphoneos iphonesimulator macosx";
				SWIFT_EMIT_LOC_STRINGS = YES;
				SWIFT_VERSION = 5.0;
				TARGETED_DEVICE_FAMILY = "1,2";
			};
			name = Release;
		};
		2AA899E129DB5D5B00912764 /* Debug */ = {
			isa = XCBuildConfiguration;
			buildSettings = {
				ALWAYS_EMBED_SWIFT_STANDARD_LIBRARIES = YES;
				BUNDLE_LOADER = "$(TEST_HOST)";
				CODE_SIGN_STYLE = Automatic;
				CURRENT_PROJECT_VERSION = 1;
				DEVELOPMENT_TEAM = 3L9D67FVN7;
				GENERATE_INFOPLIST_FILE = YES;
				IPHONEOS_DEPLOYMENT_TARGET = 16.1;
				MACOSX_DEPLOYMENT_TARGET = 13.0;
				MARKETING_VERSION = 1.0;
				PRODUCT_BUNDLE_IDENTIFIER = com.dyerlab.PopGraphTests;
				PRODUCT_NAME = "$(TARGET_NAME)";
				SDKROOT = auto;
				SUPPORTED_PLATFORMS = "iphoneos iphonesimulator macosx";
				SWIFT_EMIT_LOC_STRINGS = NO;
				SWIFT_VERSION = 5.0;
				TARGETED_DEVICE_FAMILY = "1,2";
				TEST_HOST = "$(BUILT_PRODUCTS_DIR)/PopGraph.app/$(BUNDLE_EXECUTABLE_FOLDER_PATH)/PopGraph";
			};
			name = Debug;
		};
		2AA899E229DB5D5B00912764 /* Release */ = {
			isa = XCBuildConfiguration;
			buildSettings = {
				ALWAYS_EMBED_SWIFT_STANDARD_LIBRARIES = YES;
				BUNDLE_LOADER = "$(TEST_HOST)";
				CODE_SIGN_STYLE = Automatic;
				CURRENT_PROJECT_VERSION = 1;
				DEVELOPMENT_TEAM = 3L9D67FVN7;
				GENERATE_INFOPLIST_FILE = YES;
				IPHONEOS_DEPLOYMENT_TARGET = 16.1;
				MACOSX_DEPLOYMENT_TARGET = 13.0;
				MARKETING_VERSION = 1.0;
				PRODUCT_BUNDLE_IDENTIFIER = com.dyerlab.PopGraphTests;
				PRODUCT_NAME = "$(TARGET_NAME)";
				SDKROOT = auto;
				SUPPORTED_PLATFORMS = "iphoneos iphonesimulator macosx";
				SWIFT_EMIT_LOC_STRINGS = NO;
				SWIFT_VERSION = 5.0;
				TARGETED_DEVICE_FAMILY = "1,2";
				TEST_HOST = "$(BUILT_PRODUCTS_DIR)/PopGraph.app/$(BUNDLE_EXECUTABLE_FOLDER_PATH)/PopGraph";
			};
			name = Release;
		};
		2AA899E429DB5D5B00912764 /* Debug */ = {
			isa = XCBuildConfiguration;
			buildSettings = {
				ALWAYS_EMBED_SWIFT_STANDARD_LIBRARIES = YES;
				CODE_SIGN_STYLE = Automatic;
				CURRENT_PROJECT_VERSION = 1;
				DEVELOPMENT_TEAM = 3L9D67FVN7;
				GENERATE_INFOPLIST_FILE = YES;
				IPHONEOS_DEPLOYMENT_TARGET = 16.1;
				MACOSX_DEPLOYMENT_TARGET = 13.0;
				MARKETING_VERSION = 1.0;
				PRODUCT_BUNDLE_IDENTIFIER = com.dyerlab.PopGraphUITests;
				PRODUCT_NAME = "$(TARGET_NAME)";
				SDKROOT = auto;
				SUPPORTED_PLATFORMS = "iphoneos iphonesimulator macosx";
				SWIFT_EMIT_LOC_STRINGS = NO;
				SWIFT_VERSION = 5.0;
				TARGETED_DEVICE_FAMILY = "1,2";
				TEST_TARGET_NAME = PopGraph;
			};
			name = Debug;
		};
		2AA899E529DB5D5B00912764 /* Release */ = {
			isa = XCBuildConfiguration;
			buildSettings = {
				ALWAYS_EMBED_SWIFT_STANDARD_LIBRARIES = YES;
				CODE_SIGN_STYLE = Automatic;
				CURRENT_PROJECT_VERSION = 1;
				DEVELOPMENT_TEAM = 3L9D67FVN7;
				GENERATE_INFOPLIST_FILE = YES;
				IPHONEOS_DEPLOYMENT_TARGET = 16.1;
				MACOSX_DEPLOYMENT_TARGET = 13.0;
				MARKETING_VERSION = 1.0;
				PRODUCT_BUNDLE_IDENTIFIER = com.dyerlab.PopGraphUITests;
				PRODUCT_NAME = "$(TARGET_NAME)";
				SDKROOT = auto;
				SUPPORTED_PLATFORMS = "iphoneos iphonesimulator macosx";
				SWIFT_EMIT_LOC_STRINGS = NO;
				SWIFT_VERSION = 5.0;
				TARGETED_DEVICE_FAMILY = "1,2";
				TEST_TARGET_NAME = PopGraph;
			};
			name = Release;
		};
/* End XCBuildConfiguration section */

/* Begin XCConfigurationList section */
		2AA899B329DB5D5A00912764 /* Build configuration list for PBXProject "PopGraph" */ = {
			isa = XCConfigurationList;
			buildConfigurations = (
				2AA899DB29DB5D5B00912764 /* Debug */,
				2AA899DC29DB5D5B00912764 /* Release */,
			);
			defaultConfigurationIsVisible = 0;
			defaultConfigurationName = Release;
		};
		2AA899DD29DB5D5B00912764 /* Build configuration list for PBXNativeTarget "PopGraph" */ = {
			isa = XCConfigurationList;
			buildConfigurations = (
				2AA899DE29DB5D5B00912764 /* Debug */,
				2AA899DF29DB5D5B00912764 /* Release */,
			);
			defaultConfigurationIsVisible = 0;
			defaultConfigurationName = Release;
		};
		2AA899E029DB5D5B00912764 /* Build configuration list for PBXNativeTarget "PopGraphTests" */ = {
			isa = XCConfigurationList;
			buildConfigurations = (
				2AA899E129DB5D5B00912764 /* Debug */,
				2AA899E229DB5D5B00912764 /* Release */,
			);
			defaultConfigurationIsVisible = 0;
			defaultConfigurationName = Release;
		};
		2AA899E329DB5D5B00912764 /* Build configuration list for PBXNativeTarget "PopGraphUITests" */ = {
			isa = XCConfigurationList;
			buildConfigurations = (
				2AA899E429DB5D5B00912764 /* Debug */,
				2AA899E529DB5D5B00912764 /* Release */,
			);
			defaultConfigurationIsVisible = 0;
			defaultConfigurationName = Release;
		};
/* End XCConfigurationList section */
	};
	rootObject = 2AA899B029DB5D5A00912764 /* Project object */;
}
